
Microsoft Visual Studio Solution File, Format Version 12.00
# Visual Studio 15
VisualStudioVersion = 15.0.27130.2020
MinimumVisualStudioVersion = 10.0.40219.1
Project("{9A19103F-16F7-4668-BE54-9A1E7A4F7556}") = "YhcdWebsite", "YhcdWebsite\YhcdWebsite.csproj", "{21540F04-E10A-4289-969D-D1107AFE308D}"
EndProject
Project("{2150E333-8FDC-42A3-9474-1A3956D46DE8}") = "UI", "UI", "{B86AA02D-8D6C-42B6-88CA-411566FCE015}"
EndProject
Project("{2150E333-8FDC-42A3-9474-1A3956D46DE8}") = "Infratructure", "Infratructure", "{5A0A33F7-C560-46C4-BBA1-6C071B63DDF4}"
EndProject
Project("{2150E333-8FDC-42A3-9474-1A3956D46DE8}") = "Repository", "Repository", "{69B40DA6-0D9E-46AE-8712-DC0F266A20D9}"
EndProject
Project("{2150E333-8FDC-42A3-9474-1A3956D46DE8}") = "Service", "Service", "{D8BBAE56-9599-4D9F-AD1D-38838AD2163E}"
EndProject
Project("{9A19103F-16F7-4668-BE54-9A1E7A4F7556}") = "Common", "Common\Common.csproj", "{A03A581E-A54E-4E85-972E-8E4319EC5757}"
EndProject
Project("{9A19103F-16F7-4668-BE54-9A1E7A4F7556}") = "Models", "Model\Models.csproj", "{810FBE8F-E7E8-4C6D-A834-704821F4A518}"
EndProject
Project("{2150E333-8FDC-42A3-9474-1A3956D46DE8}") = "DevelopTools", "DevelopTools", "{7E9A4DFB-B195-49A4-8C2D-387EB75DC256}"
EndProject
Project("{9A19103F-16F7-4668-BE54-9A1E7A4F7556}") = "DatabaseTool", "DatabaseTool\DatabaseTool.csproj", "{6AE03441-EFFA-4948-BE9B-E06EE0BB7AC5}"
EndProject
Project("{9A19103F-16F7-4668-BE54-9A1E7A4F7556}") = "DalMysql", "DalMysql\DalMysql.csproj", "{AEC7BF48-E3F0-409C-AD0E-4EEAB7AD864B}"
EndProject
Project("{9A19103F-16F7-4668-BE54-9A1E7A4F7556}") = "IDAL", "IDal\IDAL.csproj", "{505453CC-2FC4-4D13-8967-42927E78789C}"
EndProject
Project("{9A19103F-16F7-4668-BE54-9A1E7A4F7556}") = "T4Include", "T4Include\T4Include.csproj", "{A67E0B0C-EB9C-49DC-B054-3F0A34310485}"
EndProject
Project("{9A19103F-16F7-4668-BE54-9A1E7A4F7556}") = "UnitTestProject1", "UnitTestProject1\UnitTestProject1.csproj", "{D9E0544D-D92C-473D-BDFE-103774F35636}"
EndProject
Project("{9A19103F-16F7-4668-BE54-9A1E7A4F7556}") = "BLL", "BLL\BLL.csproj", "{F7834198-B60C-4EB0-900A-B19AE10928AD}"
EndProject
Project("{2150E333-8FDC-42A3-9474-1A3956D46DE8}") = "Database", "Database", "{AE058D3F-3C69-478A-B519-A9FA29E4F4EB}"
	ProjectSection(SolutionItems) = preProject
		..\Dtabase\CdyhcdDB20180408.sql = ..\Dtabase\CdyhcdDB20180408.sql
	EndProjectSection
EndProject
Project("{2150E333-8FDC-42A3-9474-1A3956D46DE8}") = "UnitTests", "UnitTests", "{DE9D779A-CB44-473C-A3F2-1BF865A2DCAF}"
EndProject
Project("{9A19103F-16F7-4668-BE54-9A1E7A4F7556}") = "IBLL", "IBLL\IBLL.csproj", "{2EB68DFA-30A3-43E1-8C0D-38E44BAD4563}"
EndProject
Project("{9A19103F-16F7-4668-BE54-9A1E7A4F7556}") = "RepositoryPattern", "RepositoryPattern\RepositoryPattern.csproj", "{FF4F5BCF-AF9A-4D96-87A8-43A69570E169}"
EndProject
Project("{9A19103F-16F7-4668-BE54-9A1E7A4F7556}") = "Setting", "Setting\Setting.csproj", "{5F405C9D-8AD9-4960-B8DC-744097EBC728}"
EndProject
Project("{9A19103F-16F7-4668-BE54-9A1E7A4F7556}") = "WebAdmin", "WebAdmin\WebAdmin.csproj", "{F6D944A8-5B72-4908-A718-AE500728E5CB}"
EndProject
Global
	GlobalSection(SolutionConfigurationPlatforms) = preSolution
		Debug|Any CPU = Debug|Any CPU
		Release|Any CPU = Release|Any CPU
	EndGlobalSection
	GlobalSection(ProjectConfigurationPlatforms) = postSolution
		{21540F04-E10A-4289-969D-D1107AFE308D}.Debug|Any CPU.ActiveCfg = Debug|Any CPU
		{21540F04-E10A-4289-969D-D1107AFE308D}.Debug|Any CPU.Build.0 = Debug|Any CPU
		{21540F04-E10A-4289-969D-D1107AFE308D}.Release|Any CPU.ActiveCfg = Release|Any CPU
		{21540F04-E10A-4289-969D-D1107AFE308D}.Release|Any CPU.Build.0 = Release|Any CPU
		{A03A581E-A54E-4E85-972E-8E4319EC5757}.Debug|Any CPU.ActiveCfg = Debug|Any CPU
		{A03A581E-A54E-4E85-972E-8E4319EC5757}.Debug|Any CPU.Build.0 = Debug|Any CPU
		{A03A581E-A54E-4E85-972E-8E4319EC5757}.Release|Any CPU.ActiveCfg = Release|Any CPU
		{A03A581E-A54E-4E85-972E-8E4319EC5757}.Release|Any CPU.Build.0 = Release|Any CPU
		{810FBE8F-E7E8-4C6D-A834-704821F4A518}.Debug|Any CPU.ActiveCfg = Debug|Any CPU
		{810FBE8F-E7E8-4C6D-A834-704821F4A518}.Debug|Any CPU.Build.0 = Debug|Any CPU
		{810FBE8F-E7E8-4C6D-A834-704821F4A518}.Release|Any CPU.ActiveCfg = Release|Any CPU
		{810FBE8F-E7E8-4C6D-A834-704821F4A518}.Release|Any CPU.Build.0 = Release|Any CPU
		{6AE03441-EFFA-4948-BE9B-E06EE0BB7AC5}.Debug|Any CPU.ActiveCfg = Debug|Any CPU
		{6AE03441-EFFA-4948-BE9B-E06EE0BB7AC5}.Debug|Any CPU.Build.0 = Debug|Any CPU
		{6AE03441-EFFA-4948-BE9B-E06EE0BB7AC5}.Release|Any CPU.ActiveCfg = Release|Any CPU
		{6AE03441-EFFA-4948-BE9B-E06EE0BB7AC5}.Release|Any CPU.Build.0 = Release|Any CPU
		{AEC7BF48-E3F0-409C-AD0E-4EEAB7AD864B}.Debug|Any CPU.ActiveCfg = Debug|Any CPU
		{AEC7BF48-E3F0-409C-AD0E-4EEAB7AD864B}.Debug|Any CPU.Build.0 = Debug|Any CPU
		{AEC7BF48-E3F0-409C-AD0E-4EEAB7AD864B}.Release|Any CPU.ActiveCfg = Release|Any CPU
		{AEC7BF48-E3F0-409C-AD0E-4EEAB7AD864B}.Release|Any CPU.Build.0 = Release|Any CPU
		{505453CC-2FC4-4D13-8967-42927E78789C}.Debug|Any CPU.ActiveCfg = Debug|Any CPU
		{505453CC-2FC4-4D13-8967-42927E78789C}.Debug|Any CPU.Build.0 = Debug|Any CPU
		{505453CC-2FC4-4D13-8967-42927E78789C}.Release|Any CPU.ActiveCfg = Release|Any CPU
		{505453CC-2FC4-4D13-8967-42927E78789C}.Release|Any CPU.Build.0 = Release|Any CPU
		{A67E0B0C-EB9C-49DC-B054-3F0A34310485}.Debug|Any CPU.ActiveCfg = Debug|Any CPU
		{A67E0B0C-EB9C-49DC-B054-3F0A34310485}.Debug|Any CPU.Build.0 = Debug|Any CPU
		{A67E0B0C-EB9C-49DC-B054-3F0A34310485}.Release|Any CPU.ActiveCfg = Release|Any CPU
		{A67E0B0C-EB9C-49DC-B054-3F0A34310485}.Release|Any CPU.Build.0 = Release|Any CPU
		{D9E0544D-D92C-473D-BDFE-103774F35636}.Debug|Any CPU.ActiveCfg = Debug|Any CPU
		{D9E0544D-D92C-473D-BDFE-103774F35636}.Debug|Any CPU.Build.0 = Debug|Any CPU
		{D9E0544D-D92C-473D-BDFE-103774F35636}.Release|Any CPU.ActiveCfg = Release|Any CPU
		{D9E0544D-D92C-473D-BDFE-103774F35636}.Release|Any CPU.Build.0 = Release|Any CPU
		{F7834198-B60C-4EB0-900A-B19AE10928AD}.Debug|Any CPU.ActiveCfg = Debug|Any CPU
		{F7834198-B60C-4EB0-900A-B19AE10928AD}.Debug|Any CPU.Build.0 = Debug|Any CPU
		{F7834198-B60C-4EB0-900A-B19AE10928AD}.Release|Any CPU.ActiveCfg = Release|Any CPU
		{F7834198-B60C-4EB0-900A-B19AE10928AD}.Release|Any CPU.Build.0 = Release|Any CPU
		{2EB68DFA-30A3-43E1-8C0D-38E44BAD4563}.Debug|Any CPU.ActiveCfg = Debug|Any CPU
		{2EB68DFA-30A3-43E1-8C0D-38E44BAD4563}.Debug|Any CPU.Build.0 = Debug|Any CPU
		{2EB68DFA-30A3-43E1-8C0D-38E44BAD4563}.Release|Any CPU.ActiveCfg = Release|Any CPU
		{2EB68DFA-30A3-43E1-8C0D-38E44BAD4563}.Release|Any CPU.Build.0 = Release|Any CPU
		{FF4F5BCF-AF9A-4D96-87A8-43A69570E169}.Debug|Any CPU.ActiveCfg = Debug|Any CPU
		{FF4F5BCF-AF9A-4D96-87A8-43A69570E169}.Debug|Any CPU.Build.0 = Debug|Any CPU
		{FF4F5BCF-AF9A-4D96-87A8-43A69570E169}.Release|Any CPU.ActiveCfg = Release|Any CPU
		{FF4F5BCF-AF9A-4D96-87A8-43A69570E169}.Release|Any CPU.Build.0 = Release|Any CPU
		{5F405C9D-8AD9-4960-B8DC-744097EBC728}.Debug|Any CPU.ActiveCfg = Debug|Any CPU
		{5F405C9D-8AD9-4960-B8DC-744097EBC728}.Debug|Any CPU.Build.0 = Debug|Any CPU
		{5F405C9D-8AD9-4960-B8DC-744097EBC728}.Release|Any CPU.ActiveCfg = Release|Any CPU
		{5F405C9D-8AD9-4960-B8DC-744097EBC728}.Release|Any CPU.Build.0 = Release|Any CPU
		{F6D944A8-5B72-4908-A718-AE500728E5CB}.Debug|Any CPU.ActiveCfg = Debug|Any CPU
		{F6D944A8-5B72-4908-A718-AE500728E5CB}.Debug|Any CPU.Build.0 = Debug|Any CPU
		{F6D944A8-5B72-4908-A718-AE500728E5CB}.Release|Any CPU.ActiveCfg = Release|Any CPU
		{F6D944A8-5B72-4908-A718-AE500728E5CB}.Release|Any CPU.Build.0 = Release|Any CPU
	EndGlobalSection
	GlobalSection(SolutionProperties) = preSolution
		HideSolutionNode = FALSE
	EndGlobalSection
	GlobalSection(NestedProjects) = preSolution
		{21540F04-E10A-4289-969D-D1107AFE308D} = {B86AA02D-8D6C-42B6-88CA-411566FCE015}
		{A03A581E-A54E-4E85-972E-8E4319EC5757} = {5A0A33F7-C560-46C4-BBA1-6C071B63DDF4}
		{810FBE8F-E7E8-4C6D-A834-704821F4A518} = {5A0A33F7-C560-46C4-BBA1-6C071B63DDF4}
		{6AE03441-EFFA-4948-BE9B-E06EE0BB7AC5} = {7E9A4DFB-B195-49A4-8C2D-387EB75DC256}
		{AEC7BF48-E3F0-409C-AD0E-4EEAB7AD864B} = {69B40DA6-0D9E-46AE-8712-DC0F266A20D9}
		{505453CC-2FC4-4D13-8967-42927E78789C} = {69B40DA6-0D9E-46AE-8712-DC0F266A20D9}
		{A67E0B0C-EB9C-49DC-B054-3F0A34310485} = {7E9A4DFB-B195-49A4-8C2D-387EB75DC256}
		{D9E0544D-D92C-473D-BDFE-103774F35636} = {DE9D779A-CB44-473C-A3F2-1BF865A2DCAF}
		{F7834198-B60C-4EB0-900A-B19AE10928AD} = {D8BBAE56-9599-4D9F-AD1D-38838AD2163E}
		{2EB68DFA-30A3-43E1-8C0D-38E44BAD4563} = {D8BBAE56-9599-4D9F-AD1D-38838AD2163E}
		{FF4F5BCF-AF9A-4D96-87A8-43A69570E169} = {69B40DA6-0D9E-46AE-8712-DC0F266A20D9}
		{5F405C9D-8AD9-4960-B8DC-744097EBC728} = {B86AA02D-8D6C-42B6-88CA-411566FCE015}
		{F6D944A8-5B72-4908-A718-AE500728E5CB} = {B86AA02D-8D6C-42B6-88CA-411566FCE015}
	EndGlobalSection
	GlobalSection(ExtensibilityGlobals) = postSolution
		SolutionGuid = {8DF546A8-598F-4303-9900-71AFD2F5B9D4}
	EndGlobalSection
EndGlobal
